
Microsoft Visual Studio Solution File, Format Version 12.00
# Visual Studio Version 17
VisualStudioVersion = 17.0.31903.59
MinimumVisualStudioVersion = 10.0.40219.1
Project("{2150E333-8FDC-42A3-9474-1A3956D46DE8}") = "src", "src", "{827E0CD3-B72D-47B6-A68D-7590B98EB39B}"
EndProject
Project("{FAE04EC0-301F-11D3-BF4B-00C04F79EFBC}") = "OptimalUpchuck.Ui", "src\OptimalUpchuck.Ui\OptimalUpchuck.Ui.csproj", "{B7AE96FE-64BF-4CF7-96BE-82CE565AFE04}"
EndProject
Project("{2150E333-8FDC-42A3-9474-1A3956D46DE8}") = ".Ignore", ".Ignore", "{9132A497-5DE0-D454-685D-5092D07A982F}"
	ProjectSection(SolutionItems) = preProject
		.ignore\Project_brief.md = .ignore\Project_brief.md
		.ignore\prd.md = .ignore\prd.md
		.ignore\architecture.md = .ignore\architecture.md
	EndProjectSection
EndProject
Project("{FAE04EC0-301F-11D3-BF4B-00C04F79EFBC}") = "OptimalUpchuck.Domain", "src\OptimalUpchuck.Domain\OptimalUpchuck.Domain.csproj", "{1BDD831F-E5C2-424B-BAB5-90776DDE5B82}"
EndProject
Project("{FAE04EC0-301F-11D3-BF4B-00C04F79EFBC}") = "OptimalUpchuck.Application", "src\OptimalUpchuck.Application\OptimalUpchuck.Application.csproj", "{7E04402E-493C-4D8E-B7BC-018DE68FCB0D}"
EndProject
Project("{FAE04EC0-301F-11D3-BF4B-00C04F79EFBC}") = "OptimalUpchuck.Infrastructure", "src\OptimalUpchuck.Infrastructure\OptimalUpchuck.Infrastructure.csproj", "{B89466AA-44ED-4981-9632-6DDA56FD6E94}"
EndProject
Project("{2150E333-8FDC-42A3-9474-1A3956D46DE8}") = "tests", "tests", "{0AB3BF05-4346-4AA6-1389-037BE0695223}"
EndProject
Project("{FAE04EC0-301F-11D3-BF4B-00C04F79EFBC}") = "OptimalUpchuck.Domain.Tests", "tests\OptimalUpchuck.Domain.Tests\OptimalUpchuck.Domain.Tests.csproj", "{BE18ED0D-7824-4966-B1EE-176FA8CA39F1}"
EndProject
Project("{FAE04EC0-301F-11D3-BF4B-00C04F79EFBC}") = "OptimalUpchuck.Application.Tests", "tests\OptimalUpchuck.Application.Tests\OptimalUpchuck.Application.Tests.csproj", "{7A3585A8-84BA-4721-8A8F-7686EA890B2F}"
EndProject
Project("{FAE04EC0-301F-11D3-BF4B-00C04F79EFBC}") = "OptimalUpchuck.Infrastructure.Tests", "tests\OptimalUpchuck.Infrastructure.Tests\OptimalUpchuck.Infrastructure.Tests.csproj", "{77DAE573-5889-4E67-B1C8-E7F7D6A4D5A1}"
EndProject
Project("{FAE04EC0-301F-11D3-BF4B-00C04F79EFBC}") = "OptimalUpchuck.Ui.Tests", "tests\OptimalUpchuck.Ui.Tests\OptimalUpchuck.Ui.Tests.csproj", "{EBF52987-9A56-4518-A943-EDFF7EC7AE03}"
EndProject
Global
	GlobalSection(SolutionConfigurationPlatforms) = preSolution
		Debug|Any CPU = Debug|Any CPU
		Debug|x64 = Debug|x64
		Debug|x86 = Debug|x86
		Release|Any CPU = Release|Any CPU
		Release|x64 = Release|x64
		Release|x86 = Release|x86
	EndGlobalSection
	GlobalSection(ProjectConfigurationPlatforms) = postSolution
		{B7AE96FE-64BF-4CF7-96BE-82CE565AFE04}.Debug|Any CPU.ActiveCfg = Debug|Any CPU
		{B7AE96FE-64BF-4CF7-96BE-82CE565AFE04}.Debug|Any CPU.Build.0 = Debug|Any CPU
		{B7AE96FE-64BF-4CF7-96BE-82CE565AFE04}.Debug|x64.ActiveCfg = Debug|Any CPU
		{B7AE96FE-64BF-4CF7-96BE-82CE565AFE04}.Debug|x64.Build.0 = Debug|Any CPU
		{B7AE96FE-64BF-4CF7-96BE-82CE565AFE04}.Debug|x86.ActiveCfg = Debug|Any CPU
		{B7AE96FE-64BF-4CF7-96BE-82CE565AFE04}.Debug|x86.Build.0 = Debug|Any CPU
		{B7AE96FE-64BF-4CF7-96BE-82CE565AFE04}.Release|Any CPU.ActiveCfg = Release|Any CPU
		{B7AE96FE-64BF-4CF7-96BE-82CE565AFE04}.Release|Any CPU.Build.0 = Release|Any CPU
		{B7AE96FE-64BF-4CF7-96BE-82CE565AFE04}.Release|x64.ActiveCfg = Release|Any CPU
		{B7AE96FE-64BF-4CF7-96BE-82CE565AFE04}.Release|x64.Build.0 = Release|Any CPU
		{B7AE96FE-64BF-4CF7-96BE-82CE565AFE04}.Release|x86.ActiveCfg = Release|Any CPU
		{B7AE96FE-64BF-4CF7-96BE-82CE565AFE04}.Release|x86.Build.0 = Release|Any CPU
		{1BDD831F-E5C2-424B-BAB5-90776DDE5B82}.Debug|Any CPU.ActiveCfg = Debug|Any CPU
		{1BDD831F-E5C2-424B-BAB5-90776DDE5B82}.Debug|Any CPU.Build.0 = Debug|Any CPU
		{1BDD831F-E5C2-424B-BAB5-90776DDE5B82}.Debug|x64.ActiveCfg = Debug|Any CPU
		{1BDD831F-E5C2-424B-BAB5-90776DDE5B82}.Debug|x64.Build.0 = Debug|Any CPU
		{1BDD831F-E5C2-424B-BAB5-90776DDE5B82}.Debug|x86.ActiveCfg = Debug|Any CPU
		{1BDD831F-E5C2-424B-BAB5-90776DDE5B82}.Debug|x86.Build.0 = Debug|Any CPU
		{1BDD831F-E5C2-424B-BAB5-90776DDE5B82}.Release|Any CPU.ActiveCfg = Release|Any CPU
		{1BDD831F-E5C2-424B-BAB5-90776DDE5B82}.Release|Any CPU.Build.0 = Release|Any CPU
		{1BDD831F-E5C2-424B-BAB5-90776DDE5B82}.Release|x64.ActiveCfg = Release|Any CPU
		{1BDD831F-E5C2-424B-BAB5-90776DDE5B82}.Release|x64.Build.0 = Release|Any CPU
		{1BDD831F-E5C2-424B-BAB5-90776DDE5B82}.Release|x86.ActiveCfg = Release|Any CPU
		{1BDD831F-E5C2-424B-BAB5-90776DDE5B82}.Release|x86.Build.0 = Release|Any CPU
		{7E04402E-493C-4D8E-B7BC-018DE68FCB0D}.Debug|Any CPU.ActiveCfg = Debug|Any CPU
		{7E04402E-493C-4D8E-B7BC-018DE68FCB0D}.Debug|Any CPU.Build.0 = Debug|Any CPU
		{7E04402E-493C-4D8E-B7BC-018DE68FCB0D}.Debug|x64.ActiveCfg = Debug|Any CPU
		{7E04402E-493C-4D8E-B7BC-018DE68FCB0D}.Debug|x64.Build.0 = Debug|Any CPU
		{7E04402E-493C-4D8E-B7BC-018DE68FCB0D}.Debug|x86.ActiveCfg = Debug|Any CPU
		{7E04402E-493C-4D8E-B7BC-018DE68FCB0D}.Debug|x86.Build.0 = Debug|Any CPU
		{7E04402E-493C-4D8E-B7BC-018DE68FCB0D}.Release|Any CPU.ActiveCfg = Release|Any CPU
		{7E04402E-493C-4D8E-B7BC-018DE68FCB0D}.Release|Any CPU.Build.0 = Release|Any CPU
		{7E04402E-493C-4D8E-B7BC-018DE68FCB0D}.Release|x64.ActiveCfg = Release|Any CPU
		{7E04402E-493C-4D8E-B7BC-018DE68FCB0D}.Release|x64.Build.0 = Release|Any CPU
		{7E04402E-493C-4D8E-B7BC-018DE68FCB0D}.Release|x86.ActiveCfg = Release|Any CPU
		{7E04402E-493C-4D8E-B7BC-018DE68FCB0D}.Release|x86.Build.0 = Release|Any CPU
		{B89466AA-44ED-4981-9632-6DDA56FD6E94}.Debug|Any CPU.ActiveCfg = Debug|Any CPU
		{B89466AA-44ED-4981-9632-6DDA56FD6E94}.Debug|Any CPU.Build.0 = Debug|Any CPU
		{B89466AA-44ED-4981-9632-6DDA56FD6E94}.Debug|x64.ActiveCfg = Debug|Any CPU
		{B89466AA-44ED-4981-9632-6DDA56FD6E94}.Debug|x64.Build.0 = Debug|Any CPU
		{B89466AA-44ED-4981-9632-6DDA56FD6E94}.Debug|x86.ActiveCfg = Debug|Any CPU
		{B89466AA-44ED-4981-9632-6DDA56FD6E94}.Debug|x86.Build.0 = Debug|Any CPU
		{B89466AA-44ED-4981-9632-6DDA56FD6E94}.Release|Any CPU.ActiveCfg = Release|Any CPU
		{B89466AA-44ED-4981-9632-6DDA56FD6E94}.Release|Any CPU.Build.0 = Release|Any CPU
		{B89466AA-44ED-4981-9632-6DDA56FD6E94}.Release|x64.ActiveCfg = Release|Any CPU
		{B89466AA-44ED-4981-9632-6DDA56FD6E94}.Release|x64.Build.0 = Release|Any CPU
		{B89466AA-44ED-4981-9632-6DDA56FD6E94}.Release|x86.ActiveCfg = Release|Any CPU
		{B89466AA-44ED-4981-9632-6DDA56FD6E94}.Release|x86.Build.0 = Release|Any CPU
		{BE18ED0D-7824-4966-B1EE-176FA8CA39F1}.Debug|Any CPU.ActiveCfg = Debug|Any CPU
		{BE18ED0D-7824-4966-B1EE-176FA8CA39F1}.Debug|Any CPU.Build.0 = Debug|Any CPU
		{BE18ED0D-7824-4966-B1EE-176FA8CA39F1}.Debug|x64.ActiveCfg = Debug|Any CPU
		{BE18ED0D-7824-4966-B1EE-176FA8CA39F1}.Debug|x64.Build.0 = Debug|Any CPU
		{BE18ED0D-7824-4966-B1EE-176FA8CA39F1}.Debug|x86.ActiveCfg = Debug|Any CPU
		{BE18ED0D-7824-4966-B1EE-176FA8CA39F1}.Debug|x86.Build.0 = Debug|Any CPU
		{BE18ED0D-7824-4966-B1EE-176FA8CA39F1}.Release|Any CPU.ActiveCfg = Release|Any CPU
		{BE18ED0D-7824-4966-B1EE-176FA8CA39F1}.Release|Any CPU.Build.0 = Release|Any CPU
		{BE18ED0D-7824-4966-B1EE-176FA8CA39F1}.Release|x64.ActiveCfg = Release|Any CPU
		{BE18ED0D-7824-4966-B1EE-176FA8CA39F1}.Release|x64.Build.0 = Release|Any CPU
		{BE18ED0D-7824-4966-B1EE-176FA8CA39F1}.Release|x86.ActiveCfg = Release|Any CPU
		{BE18ED0D-7824-4966-B1EE-176FA8CA39F1}.Release|x86.Build.0 = Release|Any CPU
		{7A3585A8-84BA-4721-8A8F-7686EA890B2F}.Debug|Any CPU.ActiveCfg = Debug|Any CPU
		{7A3585A8-84BA-4721-8A8F-7686EA890B2F}.Debug|Any CPU.Build.0 = Debug|Any CPU
		{7A3585A8-84BA-4721-8A8F-7686EA890B2F}.Debug|x64.ActiveCfg = Debug|Any CPU
		{7A3585A8-84BA-4721-8A8F-7686EA890B2F}.Debug|x64.Build.0 = Debug|Any CPU
		{7A3585A8-84BA-4721-8A8F-7686EA890B2F}.Debug|x86.ActiveCfg = Debug|Any CPU
		{7A3585A8-84BA-4721-8A8F-7686EA890B2F}.Debug|x86.Build.0 = Debug|Any CPU
		{7A3585A8-84BA-4721-8A8F-7686EA890B2F}.Release|Any CPU.ActiveCfg = Release|Any CPU
		{7A3585A8-84BA-4721-8A8F-7686EA890B2F}.Release|Any CPU.Build.0 = Release|Any CPU
		{7A3585A8-84BA-4721-8A8F-7686EA890B2F}.Release|x64.ActiveCfg = Release|Any CPU
		{7A3585A8-84BA-4721-8A8F-7686EA890B2F}.Release|x64.Build.0 = Release|Any CPU
		{7A3585A8-84BA-4721-8A8F-7686EA890B2F}.Release|x86.ActiveCfg = Release|Any CPU
		{7A3585A8-84BA-4721-8A8F-7686EA890B2F}.Release|x86.Build.0 = Release|Any CPU
		{77DAE573-5889-4E67-B1C8-E7F7D6A4D5A1}.Debug|Any CPU.ActiveCfg = Debug|Any CPU
		{77DAE573-5889-4E67-B1C8-E7F7D6A4D5A1}.Debug|Any CPU.Build.0 = Debug|Any CPU
		{77DAE573-5889-4E67-B1C8-E7F7D6A4D5A1}.Debug|x64.ActiveCfg = Debug|Any CPU
		{77DAE573-5889-4E67-B1C8-E7F7D6A4D5A1}.Debug|x64.Build.0 = Debug|Any CPU
		{77DAE573-5889-4E67-B1C8-E7F7D6A4D5A1}.Debug|x86.ActiveCfg = Debug|Any CPU
		{77DAE573-5889-4E67-B1C8-E7F7D6A4D5A1}.Debug|x86.Build.0 = Debug|Any CPU
		{77DAE573-5889-4E67-B1C8-E7F7D6A4D5A1}.Release|Any CPU.ActiveCfg = Release|Any CPU
		{77DAE573-5889-4E67-B1C8-E7F7D6A4D5A1}.Release|Any CPU.Build.0 = Release|Any CPU
		{77DAE573-5889-4E67-B1C8-E7F7D6A4D5A1}.Release|x64.ActiveCfg = Release|Any CPU
		{77DAE573-5889-4E67-B1C8-E7F7D6A4D5A1}.Release|x64.Build.0 = Release|Any CPU
		{77DAE573-5889-4E67-B1C8-E7F7D6A4D5A1}.Release|x86.ActiveCfg = Release|Any CPU
		{77DAE573-5889-4E67-B1C8-E7F7D6A4D5A1}.Release|x86.Build.0 = Release|Any CPU
		{EBF52987-9A56-4518-A943-EDFF7EC7AE03}.Debug|Any CPU.ActiveCfg = Debug|Any CPU
		{EBF52987-9A56-4518-A943-EDFF7EC7AE03}.Debug|Any CPU.Build.0 = Debug|Any CPU
		{EBF52987-9A56-4518-A943-EDFF7EC7AE03}.Debug|x64.ActiveCfg = Debug|Any CPU
		{EBF52987-9A56-4518-A943-EDFF7EC7AE03}.Debug|x64.Build.0 = Debug|Any CPU
		{EBF52987-9A56-4518-A943-EDFF7EC7AE03}.Debug|x86.ActiveCfg = Debug|Any CPU
		{EBF52987-9A56-4518-A943-EDFF7EC7AE03}.Debug|x86.Build.0 = Debug|Any CPU
		{EBF52987-9A56-4518-A943-EDFF7EC7AE03}.Release|Any CPU.ActiveCfg = Release|Any CPU
		{EBF52987-9A56-4518-A943-EDFF7EC7AE03}.Release|Any CPU.Build.0 = Release|Any CPU
		{EBF52987-9A56-4518-A943-EDFF7EC7AE03}.Release|x64.ActiveCfg = Release|Any CPU
		{EBF52987-9A56-4518-A943-EDFF7EC7AE03}.Release|x64.Build.0 = Release|Any CPU
		{EBF52987-9A56-4518-A943-EDFF7EC7AE03}.Release|x86.ActiveCfg = Release|Any CPU
		{EBF52987-9A56-4518-A943-EDFF7EC7AE03}.Release|x86.Build.0 = Release|Any CPU
	EndGlobalSection
	GlobalSection(SolutionProperties) = preSolution
		HideSolutionNode = FALSE
	EndGlobalSection
	GlobalSection(NestedProjects) = preSolution
		{B7AE96FE-64BF-4CF7-96BE-82CE565AFE04} = {827E0CD3-B72D-47B6-A68D-7590B98EB39B}
		{1BDD831F-E5C2-424B-BAB5-90776DDE5B82} = {827E0CD3-B72D-47B6-A68D-7590B98EB39B}
		{7E04402E-493C-4D8E-B7BC-018DE68FCB0D} = {827E0CD3-B72D-47B6-A68D-7590B98EB39B}
		{B89466AA-44ED-4981-9632-6DDA56FD6E94} = {827E0CD3-B72D-47B6-A68D-7590B98EB39B}
		{BE18ED0D-7824-4966-B1EE-176FA8CA39F1} = {0AB3BF05-4346-4AA6-1389-037BE0695223}
		{7A3585A8-84BA-4721-8A8F-7686EA890B2F} = {0AB3BF05-4346-4AA6-1389-037BE0695223}
		{77DAE573-5889-4E67-B1C8-E7F7D6A4D5A1} = {0AB3BF05-4346-4AA6-1389-037BE0695223}
		{EBF52987-9A56-4518-A943-EDFF7EC7AE03} = {0AB3BF05-4346-4AA6-1389-037BE0695223}
	EndGlobalSection
EndGlobal
